{
  "nodes": {
    "flake-compat": {
      "flake": false,
      "locked": {
        "lastModified": 1751685974,
        "narHash": "sha256-NKw96t+BgHIYzHUjkTK95FqYRVKB8DHpVhefWSz/kTw=",
        "ref": "refs/heads/main",
        "rev": "549f2762aebeff29a2e5ece7a7dc0f955281a1d1",
        "revCount": 92,
        "type": "git",
        "url": "https://git.lix.systems/lix-project/flake-compat.git"
      },
      "original": {
        "type": "git",
        "url": "https://git.lix.systems/lix-project/flake-compat.git"
      }
    },
    "flake-parts": {
      "inputs": {
        "nixpkgs-lib": [
          "nvf",
          "nixpkgs"
        ]
      },
      "locked": {
        "lastModified": 1756770412,
        "narHash": "sha256-+uWLQZccFHwqpGqr2Yt5VsW/PbeJVTn9Dk6SHWhNRPw=",
        "owner": "hercules-ci",
        "repo": "flake-parts",
        "rev": "4524271976b625a4a605beefd893f270620fd751",
        "type": "github"
      },
      "original": {
        "owner": "hercules-ci",
        "repo": "flake-parts",
        "type": "github"
      }
    },
    "home-manager": {
      "inputs": {
        "nixpkgs": [
          "nixpkgs"
        ]
      },
      "locked": {
        "lastModified": 1758648381,
        "narHash": "sha256-/rp5KlIAH3OxRxS3jbyEAz5gK9l2vvHNEK+TVOjvYJ0=",
        "owner": "nix-community",
        "repo": "home-manager",
        "rev": "5468c92a2350ca76e15ee6617a083c0e6ce7ade7",
        "type": "github"
      },
      "original": {
        "owner": "nix-community",
        "repo": "home-manager",
        "type": "github"
      }
    },
    "mnw": {
      "locked": {
        "lastModified": 1756659871,
        "narHash": "sha256-v6Rh4aQ6RKjM2N02kK9Usn0Ix7+OY66vNpeklc1MnGE=",
        "owner": "Gerg-L",
        "repo": "mnw",
        "rev": "ed6cc3e48557ba18266e598a5ebb6602499ada16",
        "type": "github"
      },
      "original": {
        "owner": "Gerg-L",
        "repo": "mnw",
        "type": "github"
      }
    },
    "nixos-grub-themes": {
      "inputs": {
        "nixpkgs": "nixpkgs"
      },
      "locked": {
        "lastModified": 1720290504,
        "narHash": "sha256-QeIUxy0XJtp8SPes/TdDxzHCl96rgwYhX9kd65rIZ2s=",
        "owner": "jeslie0",
        "repo": "nixos-grub-themes",
        "rev": "781c410c3522fc62a99206a6c3e8469a5fc90a01",
        "type": "github"
      },
      "original": {
        "owner": "jeslie0",
        "repo": "nixos-grub-themes",
        "type": "github"
      }
    },
    "nixpkgs": {
      "locked": {
        "lastModified": 1702151865,
        "narHash": "sha256-9VAt19t6yQa7pHZLDbil/QctAgVsA66DLnzdRGqDisg=",
        "owner": "nixos",
        "repo": "nixpkgs",
        "rev": "666fc80e7b2afb570462423cb0e1cf1a3a34fedd",
        "type": "github"
      },
      "original": {
        "owner": "nixos",
        "ref": "nixos-unstable",
        "repo": "nixpkgs",
        "type": "github"
      }
    },
    "nixpkgs_2": {
      "locked": {
        "lastModified": 1758427187,
        "narHash": "sha256-pHpxZ/IyCwoTQPtFIAG2QaxuSm8jWzrzBGjwQZIttJc=",
        "owner": "nixos",
        "repo": "nixpkgs",
        "rev": "554be6495561ff07b6c724047bdd7e0716aa7b46",
        "type": "github"
      },
      "original": {
        "owner": "nixos",
        "ref": "nixos-unstable",
        "repo": "nixpkgs",
        "type": "github"
      }
    },
    "nixpkgs_3": {
      "locked": {
        "lastModified": 1747953325,
        "narHash": "sha256-y2ZtlIlNTuVJUZCqzZAhIw5rrKP4DOSklev6c8PyCkQ=",
        "owner": "NixOS",
        "repo": "nixpkgs",
        "rev": "55d1f923c480dadce40f5231feb472e81b0bab48",
        "type": "github"
      },
      "original": {
        "owner": "NixOS",
        "ref": "nixos-25.05",
        "repo": "nixpkgs",
        "type": "github"
      }
    },
    "nvf": {
      "inputs": {
        "flake-compat": "flake-compat",
        "flake-parts": "flake-parts",
        "mnw": "mnw",
        "nixpkgs": [
          "nixpkgs"
        ],
        "systems": "systems"
      },
      "locked": {
        "lastModified": 1758271661,
        "narHash": "sha256-ENqd2/33uP5vB44ClDjjAV+J78oF8q1er4QUZuT8Z7g=",
        "owner": "notashelf",
        "repo": "nvf",
        "rev": "b7571df4d6e9ac08506a738ddceeec0b141751b0",
        "type": "github"
      },
      "original": {
        "owner": "notashelf",
        "repo": "nvf",
        "type": "github"
      }
    },
    "root": {
      "inputs": {
        "home-manager": "home-manager",
        "nixos-grub-themes": "nixos-grub-themes",
        "nixpkgs": "nixpkgs_2",
        "nvf": "nvf",
        "sddm-sugar-candy-nix": "sddm-sugar-candy-nix"
      }
    },
    "sddm-sugar-candy-nix": {
      "inputs": {
        "nixpkgs": "nixpkgs_3"
      },
      "locked": {
        "lastModified": 1755171263,
        "narHash": "sha256-9c0BggSN+v44EvbFQnhn4DRl2wIfD9WbeytEG+iwD/A=",
        "owner": "Zhaith-Izaliel",
        "repo": "sddm-sugar-candy-nix",
        "rev": "c431958ed137a1a54bf6b4b2e42dc47f78296978",
        "type": "gitlab"
      },
      "original": {
        "owner": "Zhaith-Izaliel",
        "repo": "sddm-sugar-candy-nix",
        "type": "gitlab"
      }
    },
    "systems": {
      "locked": {
        "lastModified": 1681028828,
        "narHash": "sha256-Vy1rq5AaRuLzOxct8nz4T6wlgyUR7zLU309k9mBC768=",
        "owner": "nix-systems",
        "repo": "default",
        "rev": "da67096a3b9bf56a91d16901293e51ba5b49a27e",
        "type": "github"
      },
      "original": {
        "owner": "nix-systems",
        "repo": "default",
        "type": "github"
      }
    }
  },
  "root": "root",
  "version": 7
}
